
Microsoft Visual Studio Solution File, Format Version 12.00
# Visual Studio 15
VisualStudioVersion = 15.0.27703.2026
MinimumVisualStudioVersion = 10.0.40219.1
Project("{8BC9CEB8-8B4A-11D0-8D11-00A0C91BC942}") = "01_class_shape", "01_class_shape\01_class_shape.vcxproj", "{54AC34DB-5019-4A20-A006-F7B7BEE80295}"
EndProject
Global
	GlobalSection(SolutionConfigurationPlatforms) = preSolution
		Debug|x64 = Debug|x64
		Debug|x86 = Debug|x86
		Release|x64 = Release|x64
		Release|x86 = Release|x86
	EndGlobalSection
	GlobalSection(ProjectConfigurationPlatforms) = postSolution
		{54AC34DB-5019-4A20-A006-F7B7BEE80295}.Debug|x64.ActiveCfg = Debug|x64
		{54AC34DB-5019-4A20-A006-F7B7BEE80295}.Debug|x64.Build.0 = Debug|x64
		{54AC34DB-5019-4A20-A006-F7B7BEE80295}.Debug|x86.ActiveCfg = Debug|Win32
		{54AC34DB-5019-4A20-A006-F7B7BEE80295}.Debug|x86.Build.0 = Debug|Win32
		{54AC34DB-5019-4A20-A006-F7B7BEE80295}.Release|x64.ActiveCfg = Release|x64
		{54AC34DB-5019-4A20-A006-F7B7BEE80295}.Release|x64.Build.0 = Release|x64
		{54AC34DB-5019-4A20-A006-F7B7BEE80295}.Release|x86.ActiveCfg = Release|Win32
		{54AC34DB-5019-4A20-A006-F7B7BEE80295}.Release|x86.Build.0 = Release|Win32
	EndGlobalSection
	GlobalSection(SolutionProperties) = preSolution
		HideSolutionNode = FALSE
	EndGlobalSection
	GlobalSection(ExtensibilityGlobals) = postSolution
		SolutionGuid = {69EE3651-3B6E-4F6E-BD1D-D8B23240A7D5}
	EndGlobalSection
EndGlobal
